<?xml version="1.0" encoding="utf-8"?>
<Project ToolsVersion="4.0" xmlns="http://schemas.microsoft.com/developer/msbuild/2003">
  <ItemGroup>
    <Filter Include="Source Files">
      <UniqueIdentifier>{4FC737F1-C7A5-4376-A066-2A32D752A2FF}</UniqueIdentifier>
      <Extensions>cpp;c;cc;cxx;def;odl;idl;hpj;bat;asm;asmx</Extensions>
    </Filter>
    <Filter Include="Header Files">
      <UniqueIdentifier>{93995380-89BD-4b04-88EB-625FBE52EBFB}</UniqueIdentifier>
      <Extensions>h;hpp;hxx;hm;inl;inc;xsd</Extensions>
    </Filter>
    <Filter Include="Resource Files">
      <UniqueIdentifier>{67DA6AB6-F800-4c08-8B7A-83BB121AAD01}</UniqueIdentifier>
      <Extensions>rc;ico;cur;bmp;dlg;rc2;rct;bin;rgs;gif;jpg;jpeg;jpe;resx;tiff;tif;png;wav</Extensions>
    </Filter>
  </ItemGroup>
  <ItemGroup>
    <ClCompile Include="001_GiftWrappingAlgorithm_ConvexHull.cpp">
      <Filter>Source Files</Filter>
    </ClCompile>
    <ClCompile Include="005_TODO_Hackerearth.cpp">
      <Filter>Source Files</Filter>
    </ClCompile>
    <ClCompile Include="006_2_JobAssignmentProblem_Branch_Bound.cpp">
      <Filter>Source Files</Filter>
    </ClCompile>
    <ClCompile Include="006_JobAssignmentProblem_Branch_Bound.cpp">
      <Filter>Source Files</Filter>
    </ClCompile>
    <ClCompile Include="008_NextGreaterNumberProblems.cpp">
      <Filter>Source Files</Filter>
    </ClCompile>
    <ClCompile Include="009_SamsungInterviewSet_27.cpp">
      <Filter>Source Files</Filter>
    </ClCompile>
    <ClCompile Include="010_Shortest_path_in_a_Binary_Maze.cpp">
      <Filter>Source Files</Filter>
    </ClCompile>
    <ClCompile Include="011_T81_SKYLine.cpp">
      <Filter>Source Files</Filter>
    </ClCompile>
    <ClCompile Include="012_Test_PriorityQueue.cpp">
      <Filter>Source Files</Filter>
    </ClCompile>
    <ClCompile Include="013_TODO_T_X_TravelSalesmanProblem.cpp">
      <Filter>Source Files</Filter>
    </ClCompile>
    <ClCompile Include="014__TO_DELETE_Traversal_Binary_Tree.cpp">
      <Filter>Source Files</Filter>
    </ClCompile>
    <ClCompile Include="015_TreeTraversal.cpp">
      <Filter>Source Files</Filter>
    </ClCompile>
    <ClCompile Include="016_T_6_WeightedJobScheduling.cpp">
      <Filter>Source Files</Filter>
    </ClCompile>
    <ClCompile Include="019_Fenwick_or_BinaryIndex_Tree.cpp">
      <Filter>Source Files</Filter>
    </ClCompile>
    <ClCompile Include="020_Alternative_Positive_Negative_Number.cpp">
      <Filter>Source Files</Filter>
    </ClCompile>
    <ClCompile Include="021_SparseTableAlgorithmRangeMinimumQuery.cpp">
      <Filter>Source Files</Filter>
    </ClCompile>
    <ClCompile Include="022_FindTwoDuplicateNumber_UsingXOR.cpp">
      <Filter>Source Files</Filter>
    </ClCompile>
    <ClCompile Include="023_SortingAlgorithims.cpp">
      <Filter>Source Files</Filter>
    </ClCompile>
    <ClCompile Include="024_ConverBinaryTree_to_DoubleLinkList.cpp">
      <Filter>Source Files</Filter>
    </ClCompile>
    <ClCompile Include="025_TODO_FlatteningLinkedList.cpp">
      <Filter>Source Files</Filter>
    </ClCompile>
    <ClCompile Include="026_Add_Numbers_Represnted_in_LinkList.cpp">
      <Filter>Source Files</Filter>
    </ClCompile>
    <ClCompile Include="027_TheStockSpanProblem.cpp">
      <Filter>Source Files</Filter>
    </ClCompile>
    <ClCompile Include="029_TotalDecodingMessages.cpp">
      <Filter>Source Files</Filter>
    </ClCompile>
    <ClCompile Include="030_CheckGivenBinaryTree_isComplete.cpp">
      <Filter>Source Files</Filter>
    </ClCompile>
    <ClCompile Include="031_SlidingWindowMaximum.cpp">
      <Filter>Source Files</Filter>
    </ClCompile>
    <ClCompile Include="032_CircularTourThatVisitsAllPetrolPumps.cpp">
      <Filter>Source Files</Filter>
    </ClCompile>
    <ClCompile Include="033_MinimumTimeRequiredToRotAllOranges.cpp">
      <Filter>Source Files</Filter>
    </ClCompile>
    <ClCompile Include="035_T_1_1_TODO_findCellingIndexBinary_refer35.cpp">
      <Filter>Source Files</Filter>
    </ClCompile>
    <ClCompile Include="036_T2_CoinChangeNoOfWays.cpp">
      <Filter>Source Files</Filter>
    </ClCompile>
    <ClCompile Include="037_Convert_BinaryTree_to_BST.cpp">
      <Filter>Source Files</Filter>
    </ClCompile>
    <ClCompile Include="038_SortedSingleLinkedList_to_BalancedBST.cpp">
      <Filter>Source Files</Filter>
    </ClCompile>
    <ClCompile Include="039_ConversionSortedDLL_to_BalancedBST.cpp">
      <Filter>Source Files</Filter>
    </ClCompile>
    <ClCompile Include="040_LargestSumContiguousSubarray.cpp">
      <Filter>Source Files</Filter>
    </ClCompile>
    <ClCompile Include="041_T3_MinimumNumberOfCoins.cpp">
      <Filter>Source Files</Filter>
    </ClCompile>
    <ClCompile Include="042_T4_Cutting_a_Rod.cpp">
      <Filter>Source Files</Filter>
    </ClCompile>
    <ClCompile Include="043_T5_OptimalStrategyForGame.cpp">
      <Filter>Source Files</Filter>
    </ClCompile>
    <ClCompile Include="044_T14_ConstructAllPossibleBST.cpp">
      <Filter>Source Files</Filter>
    </ClCompile>
    <ClCompile Include="045_TripletSum.cpp">
      <Filter>Source Files</Filter>
    </ClCompile>
    <ClCompile Include="046_T20_EggDropping.cpp">
      <Filter>Source Files</Filter>
    </ClCompile>
    <ClCompile Include="048_T7_LongestBitonicSubsequence.cpp">
      <Filter>Source Files</Filter>
    </ClCompile>
    <ClCompile Include="049_T10_MinimumEditDistance.cpp">
      <Filter>Source Files</Filter>
    </ClCompile>
    <ClCompile Include="050_T11_MaximumSizeSquareSub-matrix.cpp">
      <Filter>Source Files</Filter>
    </ClCompile>
    <ClCompile Include="051_T12_TotalWays_in_Matrix.cpp">
      <Filter>Source Files</Filter>
    </ClCompile>
    <ClCompile Include="052_T13_TODO_MinCostPath.cpp">
      <Filter>Source Files</Filter>
    </ClCompile>
    <ClCompile Include="053_T15_NumberOfBinaryTreesForGivenPreorderSequence.cpp">
      <Filter>Source Files</Filter>
    </ClCompile>
    <ClCompile Include="054_T16_TODO_LongestPalindromicSubsequence.cpp">
      <Filter>Source Files</Filter>
    </ClCompile>
    <ClCompile Include="055_T17_PalindromePartitioning.cpp">
      <Filter>Source Files</Filter>
    </ClCompile>
    <ClCompile Include="056_T18_MatrixChainMultiplication.cpp">
      <Filter>Source Files</Filter>
    </ClCompile>
    <ClCompile Include="057_T19_WordBreakProblem.cpp">
      <Filter>Source Files</Filter>
    </ClCompile>
    <ClCompile Include="058_TODO_T22_MinimumJumpToReachEnd.cpp">
      <Filter>Source Files</Filter>
    </ClCompile>
    <ClCompile Include="059_T23_MaximumSumIncreasingSubsequence.cpp">
      <Filter>Source Files</Filter>
    </ClCompile>
    <ClCompile Include="060_T24_SubsetSumProblem.cpp">
      <Filter>Source Files</Filter>
    </ClCompile>
    <ClCompile Include="061_T_X_MedianOfTwoSortedArrays.cpp">
      <Filter>Source Files</Filter>
    </ClCompile>
    <ClCompile Include="062_T25_StringInterleaving.cpp">
      <Filter>Source Files</Filter>
    </ClCompile>
    <ClCompile Include="063_T26_MaximumSubsquareWithSidesX.cpp">
      <Filter>Source Files</Filter>
    </ClCompile>
    <ClCompile Include="064_BipartiteGraph.cpp">
      <Filter>Source Files</Filter>
    </ClCompile>
    <ClCompile Include="065_Math_on_StringNumbers.cpp">
      <Filter>Source Files</Filter>
    </ClCompile>
    <ClCompile Include="066_T27_MaximumSUM_noAdjacent.cpp">
      <Filter>Source Files</Filter>
    </ClCompile>
    <ClCompile Include="067_T28_NumbersWIthoutConsecutiveOnesInBinary.cpp">
      <Filter>Source Files</Filter>
    </ClCompile>
    <ClCompile Include="068_T29_OptimalBinarySearchTreeDP.cpp">
      <Filter>Source Files</Filter>
    </ClCompile>
    <ClCompile Include="069_T41_IsBinarySearchTree.cpp">
      <Filter>Source Files</Filter>
    </ClCompile>
    <ClCompile Include="070_CloneLinkListWithRandomPointer.cpp">
      <Filter>Source Files</Filter>
    </ClCompile>
    <ClCompile Include="071_MaximumXorOfPairFromRange.cpp">
      <Filter>Source Files</Filter>
    </ClCompile>
    <ClCompile Include="072_SpecialPrimeNumbers.cpp">
      <Filter>Source Files</Filter>
    </ClCompile>
    <ClCompile Include="0_Temp.cpp">
      <Filter>Source Files</Filter>
    </ClCompile>
    <ClCompile Include="034_T50_Maximum_RectangularArea_in_a_Histogram.cpp">
      <Filter>Source Files</Filter>
    </ClCompile>
    <ClCompile Include="017_T51_Largest_BST_in_Binary_Tree.cpp">
      <Filter>Source Files</Filter>
    </ClCompile>
    <ClCompile Include="007_T55_T56_KMPSearch.cpp">
      <Filter>Source Files</Filter>
    </ClCompile>
    <ClCompile Include="002_T58_GraphDisjointSet.cpp">
      <Filter>Source Files</Filter>
    </ClCompile>
    <ClCompile Include="007_1_T55_T56_KMPSearch_pratice_again.cpp">
      <Filter>Source Files</Filter>
    </ClCompile>
    <ClCompile Include="035_T1_61_LongestIncreasingSubsequence.cpp">
      <Filter>Source Files</Filter>
    </ClCompile>
    <ClCompile Include="004_T62_GraphTopologicalSorting.cpp">
      <Filter>Source Files</Filter>
    </ClCompile>
    <ClCompile Include="018_TODO_T63_Segment_Tree.cpp">
      <Filter>Source Files</Filter>
    </ClCompile>
    <ClCompile Include="073_T_48_MaximumSumRectangularSubmatrix.cpp">
      <Filter>Source Files</Filter>
    </ClCompile>
    <ClCompile Include="074_DetectCycle_UndirectedGraph.cpp">
      <Filter>Source Files</Filter>
    </ClCompile>
    <ClCompile Include="075_MergeTwoSortedLinkList.cpp">
      <Filter>Source Files</Filter>
    </ClCompile>
    <ClCompile Include="076_MissingSmallestPositiveNumber.cpp">
      <Filter>Source Files</Filter>
    </ClCompile>
    <ClCompile Include="077_TODO_RedBlack.cpp">
      <Filter>Source Files</Filter>
    </ClCompile>
    <ClCompile Include="078_ExitPointMatrix.cpp">
      <Filter>Source Files</Filter>
    </ClCompile>
    <ClCompile Include="079_PriorityQueueUsingArray.cpp">
      <Filter>Source Files</Filter>
    </ClCompile>
    <ClCompile Include="080_QueueUsingArray.cpp">
      <Filter>Source Files</Filter>
    </ClCompile>
    <ClCompile Include="081_TODO_T_49_WordWrapProblem.cpp">
      <Filter>Source Files</Filter>
    </ClCompile>
    <ClCompile Include="082_T52_MaximumSizeRectangleOfAllOnes.cpp">
      <Filter>Source Files</Filter>
    </ClCompile>
    <ClCompile Include="083_PolinomialMultiply_LinkList.cpp">
      <Filter>Source Files</Filter>
    </ClCompile>
    <ClCompile Include="084_T53_BoxStackingDynamicProgramming.cpp">
      <Filter>Source Files</Filter>
    </ClCompile>
    <ClCompile Include="085_TODO_T54_SuffixTreeUsingUkkonenAlgorithm.cpp">
      <Filter>Source Files</Filter>
    </ClCompile>
    <ClCompile Include="086_T57_KnapsackProblem.cpp">
      <Filter>Source Files</Filter>
    </ClCompile>
    <ClCompile Include="087_TODO_T_X_Trie.cpp">
      <Filter>Source Files</Filter>
    </ClCompile>
    <ClCompile Include="088_Samsung_10Dec2017.cpp">
      <Filter>Source Files</Filter>
    </ClCompile>
    <ClCompile Include="089_TODO_T64_StronglyConnectedComponents_ KosarajuGraphAlgorithm.cpp">
      <Filter>Source Files</Filter>
    </ClCompile>
    <ClCompile Include="091_Tower_of_Hanoi.cpp">
      <Filter>Source Files</Filter>
    </ClCompile>
    <ClCompile Include="092_LongestArithmeticProgression.cpp">
      <Filter>Source Files</Filter>
    </ClCompile>
    <ClCompile Include="093_NextPermutation.cpp">
      <Filter>Source Files</Filter>
    </ClCompile>
    <ClCompile Include="094_Math_Functions.cpp">
      <Filter>Source Files</Filter>
    </ClCompile>
    <ClCompile Include="095_T_X_BurstBalloonDynamicProgramming.cpp">
      <Filter>Source Files</Filter>
    </ClCompile>
    <ClCompile Include="096_SubsetSumDivisible_by_m.cpp">
      <Filter>Source Files</Filter>
    </ClCompile>
    <ClCompile Include="090_T65_ArticulationPointsInGraph.cpp">
      <Filter>Source Files</Filter>
    </ClCompile>
    <ClCompile Include="098_BooleanParenthesizationProblem.cpp">
      <Filter>Source Files</Filter>
    </ClCompile>
    <ClCompile Include="097_T_66_CoinChangeTopdown_DP_and_Recurssion.cpp">
      <Filter>Source Files</Filter>
    </ClCompile>
    <ClCompile Include="003_T67_GraphMinimumSpanningTree.cpp">
      <Filter>Source Files</Filter>
    </ClCompile>
    <ClCompile Include="047_T_69_DijkstraShortestPath.cpp">
      <Filter>Source Files</Filter>
    </ClCompile>
    <ClCompile Include="099_T70__TODO_KnapsackProblem_TopDown_DP.cpp">
      <Filter>Source Files</Filter>
    </ClCompile>
    <ClCompile Include="100_T71_TODO_Z_Algothithm_StringMatch.cpp">
      <Filter>Source Files</Filter>
    </ClCompile>
    <ClCompile Include="101_WildcardPatternMatching_DP.cpp">
      <Filter>Source Files</Filter>
    </ClCompile>
    <ClCompile Include="102_SamAndSubStrings.cpp">
      <Filter>Source Files</Filter>
    </ClCompile>
    <ClCompile Include="103_PhoneDirectory_Trie.cpp">
      <Filter>Source Files</Filter>
    </ClCompile>
    <ClCompile Include="104_XORLinkedList.cpp">
      <Filter>Source Files</Filter>
    </ClCompile>
    <ClCompile Include="028_ExpressionConversionEvaluation.cpp">
      <Filter>Source Files</Filter>
    </ClCompile>
  </ItemGroup>
  <ItemGroup>
    <Text Include="input.txt">
      <Filter>Source Files</Filter>
    </Text>
    <Text Include="input_1.txt">
      <Filter>Source Files</Filter>
    </Text>
    <Text Include="output.txt">
      <Filter>Source Files</Filter>
    </Text>
  </ItemGroup>
  <ItemGroup>
    <ClInclude Include="ExceptionMsg.h">
      <Filter>Header Files</Filter>
    </ClInclude>
    <ClInclude Include="PriorityQueue.h">
      <Filter>Header Files</Filter>
    </ClInclude>
    <ClInclude Include="TreeMap.h">
      <Filter>Header Files</Filter>
    </ClInclude>
  </ItemGroup>
</Project>